
Microsoft Visual Studio Solution File, Format Version 12.00
# Visual Studio Version 17
VisualStudioVersion = 17.4.33213.308
MinimumVisualStudioVersion = 10.0.40219.1
Project("{FAE04EC0-301F-11D3-BF4B-00C04F79EFBC}") = "Probe", "Probe\Probe.csproj", "{2AD0C604-F3C6-47BC-8E9B-5263E9B4058F}"
EndProject
Global
	GlobalSection(SolutionConfigurationPlatforms) = preSolution
		Debug|Any CPU = Debug|Any CPU
		Debug|x64 = Debug|x64
		Package|Any CPU = Package|Any CPU
		Package|x64 = Package|x64
		Release|Any CPU = Release|Any CPU
		Release|x64 = Release|x64
		Setup|Any CPU = Setup|Any CPU
		Setup|x64 = Setup|x64
	EndGlobalSection
	GlobalSection(ProjectConfigurationPlatforms) = postSolution
		{2AD0C604-F3C6-47BC-8E9B-5263E9B4058F}.Debug|Any CPU.ActiveCfg = Debug|Any CPU
		{2AD0C604-F3C6-47BC-8E9B-5263E9B4058F}.Debug|Any CPU.Build.0 = Debug|Any CPU
		{2AD0C604-F3C6-47BC-8E9B-5263E9B4058F}.Debug|x64.ActiveCfg = Debug|x64
		{2AD0C604-F3C6-47BC-8E9B-5263E9B4058F}.Debug|x64.Build.0 = Debug|x64
		{2AD0C604-F3C6-47BC-8E9B-5263E9B4058F}.Package|Any CPU.ActiveCfg = Package|Any CPU
		{2AD0C604-F3C6-47BC-8E9B-5263E9B4058F}.Package|x64.ActiveCfg = Package|x64
		{2AD0C604-F3C6-47BC-8E9B-5263E9B4058F}.Package|x64.Build.0 = Package|x64
		{2AD0C604-F3C6-47BC-8E9B-5263E9B4058F}.Release|Any CPU.ActiveCfg = Release|Any CPU
		{2AD0C604-F3C6-47BC-8E9B-5263E9B4058F}.Release|Any CPU.Build.0 = Release|Any CPU
		{2AD0C604-F3C6-47BC-8E9B-5263E9B4058F}.Release|x64.ActiveCfg = Release|x64
		{2AD0C604-F3C6-47BC-8E9B-5263E9B4058F}.Release|x64.Build.0 = Release|x64
		{2AD0C604-F3C6-47BC-8E9B-5263E9B4058F}.Setup|Any CPU.ActiveCfg = Setup|Any CPU
		{2AD0C604-F3C6-47BC-8E9B-5263E9B4058F}.Setup|Any CPU.Build.0 = Setup|Any CPU
		{2AD0C604-F3C6-47BC-8E9B-5263E9B4058F}.Setup|x64.ActiveCfg = Setup|x64
		{2AD0C604-F3C6-47BC-8E9B-5263E9B4058F}.Setup|x64.Build.0 = Setup|x64
	EndGlobalSection
	GlobalSection(SolutionProperties) = preSolution
		HideSolutionNode = FALSE
	EndGlobalSection
	GlobalSection(ExtensibilityGlobals) = postSolution
		SolutionGuid = {D7BE6623-9A70-42D3-B4BF-3A1E793F1A96}
	EndGlobalSection
EndGlobal
